{
  "version": 4,
  "terraform_version": "1.9.5",
  "serial": 8,
  "lineage": "d9367e93-76fd-e812-69a4-08a4db44a6ff",
  "outputs": {},
  "resources": [
    {
      "mode": "managed",
      "type": "azurerm_application_insights",
      "name": "appinsights",
      "provider": "provider[\"registry.terraform.io/hashicorp/azurerm\"]",
      "instances": [
        {
          "schema_version": 2,
          "attributes": {
            "app_id": "83655ee9-c2af-40aa-8520-430fea27fda0",
            "application_type": "web",
            "connection_string": "InstrumentationKey=e437a06a-3cd5-4610-811e-b7f3f33d5a4c;IngestionEndpoint=https://westeurope-3.in.applicationinsights.azure.com/;LiveEndpoint=https://westeurope.livediagnostics.monitor.azure.com/;ApplicationId=83655ee9-c2af-40aa-8520-430fea27fda0",
            "daily_data_cap_in_gb": 100,
            "daily_data_cap_notifications_disabled": false,
            "disable_ip_masking": false,
            "force_customer_storage_for_profiler": false,
            "id": "/subscriptions/3e3297e3-dc3a-471b-aff5-39750da061ac/resourceGroups/dotnet-hotchocolate-rg/providers/Microsoft.Insights/components/dotnet-hotchocolate-appinsights",
            "instrumentation_key": "e437a06a-3cd5-4610-811e-b7f3f33d5a4c",
            "internet_ingestion_enabled": true,
            "internet_query_enabled": true,
            "local_authentication_disabled": false,
            "location": "westeurope",
            "name": "dotnet-hotchocolate-appinsights",
            "resource_group_name": "dotnet-hotchocolate-rg",
            "retention_in_days": 90,
            "sampling_percentage": 100,
            "tags": {},
            "timeouts": null,
            "workspace_id": ""
          },
          "sensitive_attributes": [
            [
              {
                "type": "get_attr",
                "value": "instrumentation_key"
              }
            ],
            [
              {
                "type": "get_attr",
                "value": "connection_string"
              }
            ]
          ],
          "private": "eyJlMmJmYjczMC1lY2FhLTExZTYtOGY4OC0zNDM2M2JjN2M0YzAiOnsiY3JlYXRlIjozNjAwMDAwMDAwMDAwLCJkZWxldGUiOjE4MDAwMDAwMDAwMDAsInJlYWQiOjMwMDAwMDAwMDAwMCwidXBkYXRlIjoxODAwMDAwMDAwMDAwfSwic2NoZW1hX3ZlcnNpb24iOiIyIn0=",
          "dependencies": [
            "azurerm_resource_group.rg"
          ]
        }
      ]
    },
    {
      "mode": "managed",
      "type": "azurerm_linux_web_app",
      "name": "app",
      "provider": "provider[\"registry.terraform.io/hashicorp/azurerm\"]",
      "instances": [
        {
          "schema_version": 1,
          "attributes": {
            "app_settings": {
              "APPINSIGHTS_INSTRUMENTATIONKEY": "e437a06a-3cd5-4610-811e-b7f3f33d5a4c",
              "APPLICATIONINSIGHTS_CONNECTION_STRING": "InstrumentationKey=e437a06a-3cd5-4610-811e-b7f3f33d5a4c;IngestionEndpoint=https://westeurope-3.in.applicationinsights.azure.com/;LiveEndpoint=https://westeurope.livediagnostics.monitor.azure.com/;ApplicationId=83655ee9-c2af-40aa-8520-430fea27fda0",
              "WEBSITE_RUN_FROM_PACKAGE": "1"
            },
            "auth_settings": [],
            "auth_settings_v2": [],
            "backup": [],
            "client_affinity_enabled": false,
            "client_certificate_enabled": false,
            "client_certificate_exclusion_paths": "",
            "client_certificate_mode": "Required",
            "connection_string": [],
            "custom_domain_verification_id": "8F6EBDF954FE14973622AE16053A32FD15A993FD01475F89765AFA9C26D183A1",
            "default_hostname": "dotnet-hotchocolate-app.azurewebsites.net",
            "enabled": true,
            "ftp_publish_basic_authentication_enabled": true,
            "hosting_environment_id": "",
            "https_only": false,
            "id": "/subscriptions/3e3297e3-dc3a-471b-aff5-39750da061ac/resourceGroups/dotnet-hotchocolate-rg/providers/Microsoft.Web/sites/dotnet-hotchocolate-app",
            "identity": [],
            "key_vault_reference_identity_id": "SystemAssigned",
            "kind": "app,linux",
            "location": "westeurope",
            "logs": [],
            "name": "dotnet-hotchocolate-app",
            "outbound_ip_address_list": [
              "4.175.0.249",
              "4.175.1.22",
              "4.175.1.104",
              "4.175.1.133",
              "4.175.1.135",
              "4.175.1.137",
              "20.103.18.63",
              "20.23.161.189",
              "20.23.162.156",
              "20.23.163.101",
              "20.23.163.245",
              "20.23.164.136",
              "20.105.232.41"
            ],
            "outbound_ip_addresses": "4.175.0.249,4.175.1.22,4.175.1.104,4.175.1.133,4.175.1.135,4.175.1.137,20.103.18.63,20.23.161.189,20.23.162.156,20.23.163.101,20.23.163.245,20.23.164.136,20.105.232.41",
            "possible_outbound_ip_address_list": [
              "4.175.0.249",
              "4.175.1.22",
              "4.175.1.104",
              "4.175.1.133",
              "4.175.1.135",
              "4.175.1.137",
              "20.103.18.63",
              "20.23.161.189",
              "20.23.162.156",
              "20.23.163.101",
              "20.23.163.245",
              "20.23.164.136",
              "20.23.166.212",
              "20.4.153.200",
              "20.4.157.103",
              "20.4.157.242",
              "20.4.158.27",
              "20.4.158.67",
              "20.4.158.224",
              "20.4.159.34",
              "20.4.159.50",
              "20.4.159.223",
              "4.175.0.174",
              "4.175.0.188",
              "4.175.0.249",
              "4.175.1.22",
              "4.175.1.104",
              "4.175.1.133",
              "4.175.1.135",
              "4.175.1.137",
              "4.175.1.219",
              "4.175.2.19",
              "4.175.2.28",
              "4.175.2.30",
              "4.175.2.33",
              "4.175.2.41",
              "20.105.232.41"
            ],
            "possible_outbound_ip_addresses": "4.175.0.249,4.175.1.22,4.175.1.104,4.175.1.133,4.175.1.135,4.175.1.137,20.103.18.63,20.23.161.189,20.23.162.156,20.23.163.101,20.23.163.245,20.23.164.136,20.23.166.212,20.4.153.200,20.4.157.103,20.4.157.242,20.4.158.27,20.4.158.67,20.4.158.224,20.4.159.34,20.4.159.50,20.4.159.223,4.175.0.174,4.175.0.188,4.175.0.249,4.175.1.22,4.175.1.104,4.175.1.133,4.175.1.135,4.175.1.137,4.175.1.219,4.175.2.19,4.175.2.28,4.175.2.30,4.175.2.33,4.175.2.41,20.105.232.41",
            "public_network_access_enabled": true,
            "resource_group_name": "dotnet-hotchocolate-rg",
            "service_plan_id": "/subscriptions/3e3297e3-dc3a-471b-aff5-39750da061ac/resourceGroups/dotnet-hotchocolate-rg/providers/Microsoft.Web/serverFarms/dotnet-hotchocolate-asp",
            "site_config": [
              {
                "always_on": false,
                "api_definition_url": "",
                "api_management_api_id": "",
                "app_command_line": "",
                "application_stack": [
                  {
                    "docker_image": "",
                    "docker_image_name": "",
                    "docker_image_tag": "",
                    "docker_registry_password": "",
                    "docker_registry_url": "",
                    "docker_registry_username": "",
                    "dotnet_version": "8.0",
                    "go_version": "",
                    "java_server": "",
                    "java_server_version": "",
                    "java_version": "",
                    "node_version": "",
                    "php_version": "",
                    "python_version": "",
                    "ruby_version": ""
                  }
                ],
                "auto_heal_enabled": false,
                "auto_heal_setting": [],
                "container_registry_managed_identity_client_id": "",
                "container_registry_use_managed_identity": false,
                "cors": [],
                "default_documents": [
                  "Default.htm",
                  "Default.html",
                  "Default.asp",
                  "index.htm",
                  "index.html",
                  "iisstart.htm",
                  "default.aspx",
                  "index.php",
                  "hostingstart.html"
                ],
                "detailed_error_logging_enabled": false,
                "ftps_state": "Disabled",
                "health_check_eviction_time_in_min": 0,
                "health_check_path": "",
                "http2_enabled": false,
                "ip_restriction": [],
                "ip_restriction_default_action": "Allow",
                "linux_fx_version": "DOTNETCORE|8.0",
                "load_balancing_mode": "LeastRequests",
                "local_mysql_enabled": false,
                "managed_pipeline_mode": "Integrated",
                "minimum_tls_version": "1.2",
                "remote_debugging_enabled": false,
                "remote_debugging_version": "VS2022",
                "scm_ip_restriction": [],
                "scm_ip_restriction_default_action": "Allow",
                "scm_minimum_tls_version": "1.2",
                "scm_type": "None",
                "scm_use_main_ip_restriction": false,
                "use_32_bit_worker": true,
                "vnet_route_all_enabled": false,
                "websockets_enabled": false,
                "worker_count": 1
              }
            ],
            "site_credential": [
              {
                "name": "$dotnet-hotchocolate-app",
                "password": "GaTsSDjH869qgqNAjAdn0v4zXiQkKNtqcpcdS3mFrzqNCkrq07PKB2yx3MuA"
              }
            ],
            "sticky_settings": [],
            "storage_account": [],
            "tags": {},
            "timeouts": null,
            "virtual_network_subnet_id": "",
            "webdeploy_publish_basic_authentication_enabled": true,
            "zip_deploy_file": ""
          },
          "sensitive_attributes": [
            [
              {
                "type": "get_attr",
                "value": "app_settings"
              },
              {
                "type": "index",
                "value": {
                  "value": "APPINSIGHTS_INSTRUMENTATIONKEY",
                  "type": "string"
                }
              }
            ],
            [
              {
                "type": "get_attr",
                "value": "app_settings"
              },
              {
                "type": "index",
                "value": {
                  "value": "APPLICATIONINSIGHTS_CONNECTION_STRING",
                  "type": "string"
                }
              }
            ],
            [
              {
                "type": "get_attr",
                "value": "site_credential"
              }
            ],
            [
              {
                "type": "get_attr",
                "value": "custom_domain_verification_id"
              }
            ],
            [
              {
                "type": "get_attr",
                "value": "site_config"
              },
              {
                "type": "index",
                "value": {
                  "value": 0,
                  "type": "number"
                }
              },
              {
                "type": "get_attr",
                "value": "application_stack"
              },
              {
                "type": "index",
                "value": {
                  "value": 0,
                  "type": "number"
                }
              },
              {
                "type": "get_attr",
                "value": "docker_registry_password"
              }
            ]
          ],
          "private": "eyJlMmJmYjczMC1lY2FhLTExZTYtOGY4OC0zNDM2M2JjN2M0YzAiOnsiY3JlYXRlIjoxODAwMDAwMDAwMDAwLCJkZWxldGUiOjE4MDAwMDAwMDAwMDAsInJlYWQiOjMwMDAwMDAwMDAwMCwidXBkYXRlIjoxODAwMDAwMDAwMDAwfSwic2NoZW1hX3ZlcnNpb24iOiIxIn0=",
          "dependencies": [
            "azurerm_application_insights.appinsights",
            "azurerm_resource_group.rg",
            "azurerm_service_plan.asp"
          ]
        }
      ]
    },
    {
      "mode": "managed",
      "type": "azurerm_resource_group",
      "name": "rg",
      "provider": "provider[\"registry.terraform.io/hashicorp/azurerm\"]",
      "instances": [
        {
          "schema_version": 0,
          "attributes": {
            "id": "/subscriptions/3e3297e3-dc3a-471b-aff5-39750da061ac/resourceGroups/dotnet-hotchocolate-rg",
            "location": "westeurope",
            "managed_by": "",
            "name": "dotnet-hotchocolate-rg",
            "tags": {},
            "timeouts": null
          },
          "sensitive_attributes": [],
          "private": "eyJlMmJmYjczMC1lY2FhLTExZTYtOGY4OC0zNDM2M2JjN2M0YzAiOnsiY3JlYXRlIjo1NDAwMDAwMDAwMDAwLCJkZWxldGUiOjU0MDAwMDAwMDAwMDAsInJlYWQiOjMwMDAwMDAwMDAwMCwidXBkYXRlIjo1NDAwMDAwMDAwMDAwfX0="
        }
      ]
    },
    {
      "mode": "managed",
      "type": "azurerm_service_plan",
      "name": "asp",
      "provider": "provider[\"registry.terraform.io/hashicorp/azurerm\"]",
      "instances": [
        {
          "schema_version": 1,
          "attributes": {
            "app_service_environment_id": "",
            "id": "/subscriptions/3e3297e3-dc3a-471b-aff5-39750da061ac/resourceGroups/dotnet-hotchocolate-rg/providers/Microsoft.Web/serverFarms/dotnet-hotchocolate-asp",
            "kind": "linux",
            "location": "westeurope",
            "maximum_elastic_worker_count": 1,
            "name": "dotnet-hotchocolate-asp",
            "os_type": "Linux",
            "per_site_scaling_enabled": false,
            "reserved": true,
            "resource_group_name": "dotnet-hotchocolate-rg",
            "sku_name": "F1",
            "tags": {},
            "timeouts": null,
            "worker_count": 1,
            "zone_balancing_enabled": false
          },
          "sensitive_attributes": [],
          "private": "eyJlMmJmYjczMC1lY2FhLTExZTYtOGY4OC0zNDM2M2JjN2M0YzAiOnsiY3JlYXRlIjozNjAwMDAwMDAwMDAwLCJkZWxldGUiOjM2MDAwMDAwMDAwMDAsInJlYWQiOjMwMDAwMDAwMDAwMCwidXBkYXRlIjozNjAwMDAwMDAwMDAwfSwic2NoZW1hX3ZlcnNpb24iOiIxIn0=",
          "dependencies": [
            "azurerm_resource_group.rg"
          ]
        }
      ]
    }
  ],
  "check_results": null
}
